PODS:
  - FlutterMacOS (1.0.0)
  - TrustTunnelClient (0.99.71)

DEPENDENCIES:
  - FlutterMacOS (from `Flutter/ephemeral`)
  - TrustTunnelClient (from `../../apple/`)

EXTERNAL SOURCES:
  FlutterMacOS:
    :path: Flutter/ephemeral
  TrustTunnelClient:
    :path: "../../apple/"

SPEC CHECKSUMS:
  FlutterMacOS: d0db08ddef1a9af05a5ec4b724367152bb0500b1
  TrustTunnelClient: e2f137c79fc4ee0da3ba1db36d9598c179ac424e

PODFILE CHECKSUM: 25872cae7fb5ffedbc256fd7206baac40708c2e2

COCOAPODS: 1.16.2
